
Microsoft Visual Studio Solution File, Format Version 12.00
# Visual Studio Version 17
VisualStudioVersion = 17.0.31903.59
MinimumVisualStudioVersion = 10.0.40219.1
Project("{FAE04EC0-301F-11D3-BF4B-00C04F79EFBC}") = "DevFreela.API", "DevFreela.API\DevFreela.API.csproj", "{455D969E-FC89-4E30-9DCB-A6D608D08379}"
EndProject
Project("{FAE04EC0-301F-11D3-BF4B-00C04F79EFBC}") = "DevFreela.Core", "DevFreela.Core\DevFreela.Core.csproj", "{83F3604E-48C2-4F97-A3A9-22F8DAF777D0}"
EndProject
Project("{FAE04EC0-301F-11D3-BF4B-00C04F79EFBC}") = "DevFreela.Infrastructure", "DevFreela.Infrastructure\DevFreela.Infrastructure.csproj", "{A7206FDB-EFF1-431C-93E5-1BB178B0AAA0}"
EndProject
Global
	GlobalSection(SolutionConfigurationPlatforms) = preSolution
		Debug|Any CPU = Debug|Any CPU
		Release|Any CPU = Release|Any CPU
	EndGlobalSection
	GlobalSection(SolutionProperties) = preSolution
		HideSolutionNode = FALSE
	EndGlobalSection
	GlobalSection(ProjectConfigurationPlatforms) = postSolution
		{455D969E-FC89-4E30-9DCB-A6D608D08379}.Debug|Any CPU.ActiveCfg = Debug|Any CPU
		{455D969E-FC89-4E30-9DCB-A6D608D08379}.Debug|Any CPU.Build.0 = Debug|Any CPU
		{455D969E-FC89-4E30-9DCB-A6D608D08379}.Release|Any CPU.ActiveCfg = Release|Any CPU
		{455D969E-FC89-4E30-9DCB-A6D608D08379}.Release|Any CPU.Build.0 = Release|Any CPU
		{83F3604E-48C2-4F97-A3A9-22F8DAF777D0}.Debug|Any CPU.ActiveCfg = Debug|Any CPU
		{83F3604E-48C2-4F97-A3A9-22F8DAF777D0}.Debug|Any CPU.Build.0 = Debug|Any CPU
		{83F3604E-48C2-4F97-A3A9-22F8DAF777D0}.Release|Any CPU.ActiveCfg = Release|Any CPU
		{83F3604E-48C2-4F97-A3A9-22F8DAF777D0}.Release|Any CPU.Build.0 = Release|Any CPU
		{A7206FDB-EFF1-431C-93E5-1BB178B0AAA0}.Debug|Any CPU.ActiveCfg = Debug|Any CPU
		{A7206FDB-EFF1-431C-93E5-1BB178B0AAA0}.Debug|Any CPU.Build.0 = Debug|Any CPU
		{A7206FDB-EFF1-431C-93E5-1BB178B0AAA0}.Release|Any CPU.ActiveCfg = Release|Any CPU
		{A7206FDB-EFF1-431C-93E5-1BB178B0AAA0}.Release|Any CPU.Build.0 = Release|Any CPU
	EndGlobalSection
EndGlobal
