
Microsoft Visual Studio Solution File, Format Version 12.00
# Visual Studio Version 17
VisualStudioVersion = 17.5.002.0
MinimumVisualStudioVersion = 10.0.40219.1
Project("{9A19103F-16F7-4668-BE54-9A1E7A4F7556}") = "DevFreela.API", "DevFreela.API.csproj", "{4E29793F-337E-4EF5-BAFB-8C06D41D1A01}"
EndProject
Project("{FAE04EC0-301F-11D3-BF4B-00C04F79EFBC}") = "DevFreela.Core", "..\DevFreela.Core\DevFreela.Core.csproj", "{F9666926-858C-4255-8C12-E1950B6C9949}"
EndProject
Global
	GlobalSection(SolutionConfigurationPlatforms) = preSolution
		Debug|Any CPU = Debug|Any CPU
		Release|Any CPU = Release|Any CPU
	EndGlobalSection
	GlobalSection(ProjectConfigurationPlatforms) = postSolution
		{4E29793F-337E-4EF5-BAFB-8C06D41D1A01}.Debug|Any CPU.ActiveCfg = Debug|Any CPU
		{4E29793F-337E-4EF5-BAFB-8C06D41D1A01}.Debug|Any CPU.Build.0 = Debug|Any CPU
		{4E29793F-337E-4EF5-BAFB-8C06D41D1A01}.Release|Any CPU.ActiveCfg = Release|Any CPU
		{4E29793F-337E-4EF5-BAFB-8C06D41D1A01}.Release|Any CPU.Build.0 = Release|Any CPU
		{F9666926-858C-4255-8C12-E1950B6C9949}.Debug|Any CPU.ActiveCfg = Debug|Any CPU
		{F9666926-858C-4255-8C12-E1950B6C9949}.Debug|Any CPU.Build.0 = Debug|Any CPU
		{F9666926-858C-4255-8C12-E1950B6C9949}.Release|Any CPU.ActiveCfg = Release|Any CPU
		{F9666926-858C-4255-8C12-E1950B6C9949}.Release|Any CPU.Build.0 = Release|Any CPU
	EndGlobalSection
	GlobalSection(SolutionProperties) = preSolution
		HideSolutionNode = FALSE
	EndGlobalSection
	GlobalSection(ExtensibilityGlobals) = postSolution
		SolutionGuid = {7C93C02F-32A0-40B1-9B9F-DA663A66C4DA}
	EndGlobalSection
EndGlobal
